
Microsoft Visual Studio Solution File, Format Version 12.00
# Visual Studio Version 17
VisualStudioVersion = 17.5.33103.201
MinimumVisualStudioVersion = 10.0.40219.1
Project("{9A19103F-16F7-4668-BE54-9A1E7A4F7556}") = "Salix.AspNetCore.JsonExceptionHandler", "Sources\Handler\Salix.AspNetCore.JsonExceptionHandler.csproj", "{0A37AA35-1ACF-4FFC-873A-77F7FDAA8E05}"
EndProject
Project("{FAE04EC0-301F-11D3-BF4B-00C04F79EFBC}") = "JsonExceptionHandler.Tests", "Sources\Tests\AspNetCore.JsonExceptionHandler.Tests\JsonExceptionHandler.Tests.csproj", "{0F682823-78B1-460E-A649-C0B6BFE3A5F5}"
EndProject
Global
	GlobalSection(SolutionConfigurationPlatforms) = preSolution
		Debug|Any CPU = Debug|Any CPU
		Release|Any CPU = Release|Any CPU
	EndGlobalSection
	GlobalSection(ProjectConfigurationPlatforms) = postSolution
		{0A37AA35-1ACF-4FFC-873A-77F7FDAA8E05}.Debug|Any CPU.ActiveCfg = Debug|Any CPU
		{0A37AA35-1ACF-4FFC-873A-77F7FDAA8E05}.Debug|Any CPU.Build.0 = Debug|Any CPU
		{0A37AA35-1ACF-4FFC-873A-77F7FDAA8E05}.Release|Any CPU.ActiveCfg = Release|Any CPU
		{0A37AA35-1ACF-4FFC-873A-77F7FDAA8E05}.Release|Any CPU.Build.0 = Release|Any CPU
		{0F682823-78B1-460E-A649-C0B6BFE3A5F5}.Debug|Any CPU.ActiveCfg = Debug|Any CPU
		{0F682823-78B1-460E-A649-C0B6BFE3A5F5}.Debug|Any CPU.Build.0 = Debug|Any CPU
		{0F682823-78B1-460E-A649-C0B6BFE3A5F5}.Release|Any CPU.ActiveCfg = Release|Any CPU
		{0F682823-78B1-460E-A649-C0B6BFE3A5F5}.Release|Any CPU.Build.0 = Release|Any CPU
	EndGlobalSection
	GlobalSection(SolutionProperties) = preSolution
		HideSolutionNode = FALSE
	EndGlobalSection
	GlobalSection(ExtensibilityGlobals) = postSolution
		SolutionGuid = {5530667D-E85F-4507-82F6-9D6664FEFA66}
	EndGlobalSection
EndGlobal
