
Microsoft Visual Studio Solution File, Format Version 12.00
# Visual Studio Version 17
VisualStudioVersion = 17.5.33103.201
MinimumVisualStudioVersion = 10.0.40219.1
Project("{FAE04EC0-301F-11D3-BF4B-00C04F79EFBC}") = "JsonExceptionHandler.Sample.Api", "JsonExceptionHandler.Sample.Api.csproj", "{D0234C54-7141-4472-B7C2-815134996054}"
EndProject
Project("{9A19103F-16F7-4668-BE54-9A1E7A4F7556}") = "Salix.AspNetCore.JsonExceptionHandler", "..\..\Sources\Handler\Salix.AspNetCore.JsonExceptionHandler.csproj", "{B41E2B90-FB0E-45F1-A2F8-7D6C1C7521F9}"
EndProject
Global
	GlobalSection(SolutionConfigurationPlatforms) = preSolution
		Debug|Any CPU = Debug|Any CPU
		Release|Any CPU = Release|Any CPU
	EndGlobalSection
	GlobalSection(ProjectConfigurationPlatforms) = postSolution
		{D0234C54-7141-4472-B7C2-815134996054}.Debug|Any CPU.ActiveCfg = Debug|Any CPU
		{D0234C54-7141-4472-B7C2-815134996054}.Debug|Any CPU.Build.0 = Debug|Any CPU
		{D0234C54-7141-4472-B7C2-815134996054}.Release|Any CPU.ActiveCfg = Release|Any CPU
		{D0234C54-7141-4472-B7C2-815134996054}.Release|Any CPU.Build.0 = Release|Any CPU
		{B41E2B90-FB0E-45F1-A2F8-7D6C1C7521F9}.Debug|Any CPU.ActiveCfg = Debug|Any CPU
		{B41E2B90-FB0E-45F1-A2F8-7D6C1C7521F9}.Debug|Any CPU.Build.0 = Debug|Any CPU
		{B41E2B90-FB0E-45F1-A2F8-7D6C1C7521F9}.Release|Any CPU.ActiveCfg = Release|Any CPU
		{B41E2B90-FB0E-45F1-A2F8-7D6C1C7521F9}.Release|Any CPU.Build.0 = Release|Any CPU
	EndGlobalSection
	GlobalSection(SolutionProperties) = preSolution
		HideSolutionNode = FALSE
	EndGlobalSection
	GlobalSection(ExtensibilityGlobals) = postSolution
		SolutionGuid = {3A5CC339-1FEA-4D16-BD9A-2C6CED42CE4F}
	EndGlobalSection
EndGlobal
